
Microsoft Visual Studio Solution File, Format Version 12.00
# Visual Studio 15
VisualStudioVersion = 15.0.28010.2048
MinimumVisualStudioVersion = 10.0.40219.1
Project("{FAE04EC0-301F-11D3-BF4B-00C04F79EFBC}") = "Ap_escuela", "Ap_escuela\Ap_escuela.csproj", "{594325FD-9ECA-4855-837A-ECE0116FAFCF}"
EndProject
Global
	GlobalSection(SolutionConfigurationPlatforms) = preSolution
		Debug|Any CPU = Debug|Any CPU
		Release|Any CPU = Release|Any CPU
	EndGlobalSection
	GlobalSection(ProjectConfigurationPlatforms) = postSolution
		{594325FD-9ECA-4855-837A-ECE0116FAFCF}.Debug|Any CPU.ActiveCfg = Debug|Any CPU
		{594325FD-9ECA-4855-837A-ECE0116FAFCF}.Debug|Any CPU.Build.0 = Debug|Any CPU
		{594325FD-9ECA-4855-837A-ECE0116FAFCF}.Release|Any CPU.ActiveCfg = Release|Any CPU
		{594325FD-9ECA-4855-837A-ECE0116FAFCF}.Release|Any CPU.Build.0 = Release|Any CPU
	EndGlobalSection
	GlobalSection(SolutionProperties) = preSolution
		HideSolutionNode = FALSE
	EndGlobalSection
	GlobalSection(ExtensibilityGlobals) = postSolution
		SolutionGuid = {B5656738-EA0B-4761-88D8-2F50D2EDBF1E}
	EndGlobalSection
EndGlobal
